# This file is automatically @generated by Poetry 1.8.3 and should not be changed by hand.

[[package]]
name = "ephem"
version = "4.1.5"
description = "Compute positions of the planets and stars"
optional = false
python-versions = "*"
files = [
    {file = "ephem-4.1.5-cp310-cp310-macosx_10_9_x86_64.whl", hash = "sha256:0796dbcd24f76af0e81c22e1f709b42873ef81d2c4dfa962f8d346f11489785d"},
    {file = "ephem-4.1.5-cp310-cp310-macosx_11_0_arm64.whl", hash = "sha256:0266cf69d594bd94034bd13c18dbcef13b301acd7357d7cf7d1bb8acaf7f00b4"},
    {file = "ephem-4.1.5-cp310-cp310-manylinux_2_12_i686.manylinux2010_i686.manylinux_2_17_i686.manylinux2014_i686.whl", hash = "sha256:3db8d53a37c772e1b132f5ed3535027d73e8dca4ead99a7563f09c4308996b63"},
    {file = "ephem-4.1.5-cp310-cp310-manylinux_2_17_aarch64.manylinux2014_aarch64.whl", hash = "sha256:1c6e7523d8856caa4ac53db1988693ce7a516fb25c1cd3c74a3472f951691c0e"},
    {file = "ephem-4.1.5-cp310-cp310-manylinux_2_17_s390x.manylinux2014_s390x.whl", hash = "sha256:203bd3f00c49012bd07eb2627bcf9538f608b3431cb8053a7d3115e1df396312"},
    {file = "ephem-4.1.5-cp310-cp310-manylinux_2_17_x86_64.manylinux2014_x86_64.whl", hash = "sha256:ec7ddf15c319a83fb5dadff58bb6e5fbcaff09338f5c2a1b2c7b1445b87002b5"},
    {file = "ephem-4.1.5-cp310-cp310-musllinux_1_1_aarch64.whl", hash = "sha256:13f800e03aad215ae6a4217122e64d0ce90e914574f8b5afa381d81dad0eecaa"},
    {file = "ephem-4.1.5-cp310-cp310-musllinux_1_1_i686.whl", hash = "sha256:83921b341b4f4725e59c1463b9613f3fd3991392e17904170b146f5d6945afcb"},
    {file = "ephem-4.1.5-cp310-cp310-musllinux_1_1_s390x.whl", hash = "sha256:6219412800138f489733cb3a8b4fab0a8b3ef2dd5ec143aff35950dca9a71c36"},
    {file = "ephem-4.1.5-cp310-cp310-musllinux_1_1_x86_64.whl", hash = "sha256:b95bf8c92a5eae665d63371440b93778b2508ad448907d12f72ed6ed08ea476c"},
    {file = "ephem-4.1.5-cp310-cp310-win32.whl", hash = "sha256:afefe022448f09c3e15472bd3ad30fa4824f8c4a9de65216b9952b9dfcec8750"},
    {file = "ephem-4.1.5-cp310-cp310-win_amd64.whl", hash = "sha256:53df72aa3e2f1359ed56587b1930d0030fec030db71744564a83c10ea54316a7"},
    {file = "ephem-4.1.5-cp311-cp311-macosx_10_9_x86_64.whl", hash = "sha256:b3e385d8447d908be6dd8c53c4452fee7d61040c9b6bb5a60195b57c85545ca6"},
    {file = "ephem-4.1.5-cp311-cp311-macosx_11_0_arm64.whl", hash = "sha256:be6c4ced150d79ab6b5ff3bb7545fee26cf7f4f64ccf476a14850a63bbf125e7"},
    {file = "ephem-4.1.5-cp311-cp311-manylinux_2_12_i686.manylinux2010_i686.manylinux_2_17_i686.manylinux2014_i686.whl", hash = "sha256:4c8a70e36632e88227c4ba8184fd91dbd32d0140f799202b5fb8510508f4c8e4"},
    {file = "ephem-4.1.5-cp311-cp311-manylinux_2_17_aarch64.manylinux2014_aarch64.whl", hash = "sha256:9ee2a4966167a0300db2c9155e4b64fc1a6bb67ca869659d4c0342869c44d4f3"},
    {file = "ephem-4.1.5-cp311-cp311-manylinux_2_17_s390x.manylinux2014_s390x.whl", hash = "sha256:b45b9b15e65c7f26c1342b70e06e49bd83a9c527affe9de0fb5953a3a25a0cda"},
    {file = "ephem-4.1.5-cp311-cp311-manylinux_2_17_x86_64.manylinux2014_x86_64.whl", hash = "sha256:e21a8120569f315ce181f2e654528cd10c18cb92382248de90574effed57d227"},
    {file = "ephem-4.1.5-cp311-cp311-musllinux_1_1_aarch64.whl", hash = "sha256:864d6aba1699f26e7768ed424d5218396300dce6d8deccb1c97164a424343675"},
    {file = "ephem-4.1.5-cp311-cp311-musllinux_1_1_i686.whl", hash = "sha256:8f8f5dd5b1343dc77ea891ab423677a631fd7b820bbbeac7ec53ee332e8a4ca5"},
    {file = "ephem-4.1.5-cp311-cp311-musllinux_1_1_s390x.whl", hash = "sha256:8a2347ad88aad026dff6f00b931bd2b0d6b4f184bf65ffd4b62f557526bf335d"},
    {file = "ephem-4.1.5-cp311-cp311-musllinux_1_1_x86_64.whl", hash = "sha256:5496ebc21b2873e986836ad0756818bee80ed6deee58e1167a9876e4a64f0bbf"},
    {file = "ephem-4.1.5-cp311-cp311-win32.whl", hash = "sha256:f319ca58ee2ee27c18e42657ad8d3d1b0251dd369c9fd60af45b2bc2c42ded0a"},
    {file = "ephem-4.1.5-cp311-cp311-win_amd64.whl", hash = "sha256:cc6a49fd3250cf67305230da962d779632b13da2a8fae5c383e973fa113baa97"},
    {file = "ephem-4.1.5-cp312-cp312-macosx_10_9_x86_64.whl", hash = "sha256:51c17c62b031ec246546aa482d98e9a5573405385eb7adf7154f5a1af309ac8a"},
    {file = "ephem-4.1.5-cp312-cp312-macosx_11_0_arm64.whl", hash = "sha256:ff1436219d2dad1433c5f0a61f3a947ab6d4c622cc6a90d7cb5c2e28a8669fba"},
    {file = "ephem-4.1.5-cp312-cp312-manylinux_2_12_i686.manylinux2010_i686.manylinux_2_17_i686.manylinux2014_i686.whl", hash = "sha256:9495d515a6f49bd7a90f58320af1a95e4c3ab89307fbf31045cf05570f779eaf"},
    {file = "ephem-4.1.5-cp312-cp312-manylinux_2_17_aarch64.manylinux2014_aarch64.whl", hash = "sha256:7952e8b54c771be6a58ce9aca91d729bcdace2293c68fe825df3433995aedafc"},
    {file = "ephem-4.1.5-cp312-cp312-manylinux_2_17_s390x.manylinux2014_s390x.whl", hash = "sha256:1e99ba9fbd5c136fc18b94fe5e709a7c4a19f13ed1c6a16bdec448cbd7d1bcb1"},
    {file = "ephem-4.1.5-cp312-cp312-manylinux_2_17_x86_64.manylinux2014_x86_64.whl", hash = "sha256:9d2922e6cb66434e9edd3764b103b6bdd394a701bd39395c46f0a7751b9829ee"},
    {file = "ephem-4.1.5-cp312-cp312-musllinux_1_1_aarch64.whl", hash = "sha256:692f8dea9e91447c6406e9ee7001075d5794948677f5f8ee4601c146509b15b1"},
    {file = "ephem-4.1.5-cp312-cp312-musllinux_1_1_i686.whl", hash = "sha256:7122f46a0ce2c2551360bf43b693a3f1f543c0aa6e736b2513bc3203df27df7c"},
    {file = "ephem-4.1.5-cp312-cp312-musllinux_1_1_s390x.whl", hash = "sha256:a68dd823d823ace3ecd94b3cf926d51ae8aa88ce248159850a8db45547720843"},
    {file = "ephem-4.1.5-cp312-cp312-musllinux_1_1_x86_64.whl", hash = "sha256:cf745e4f02455d6c0f1d85a61206c420ee2c909b392266109e2da2d3a8c023db"},
    {file = "ephem-4.1.5-cp312-cp312-win32.whl", hash = "sha256:e1772852072727e848b5fe035ce7d9dc4662c1baffbd9e4cd7467ecf384db1d9"},
    {file = "ephem-4.1.5-cp312-cp312-win_amd64.whl", hash = "sha256:fd984e38c5078be8cb881ed75c69b2204a1d7fd2230571fc92112edfc5362bf6"},
    {file = "ephem-4.1.5-cp36-cp36m-macosx_10_9_x86_64.whl", hash = "sha256:740a5950b31ac9a7ca40a95b7cfb1678e747e860f77ac0030984c10dc5464e7f"},
    {file = "ephem-4.1.5-cp36-cp36m-manylinux_2_12_i686.manylinux2010_i686.manylinux_2_17_i686.manylinux2014_i686.whl", hash = "sha256:faf5b786ed28e7d00704d2cf3862dec75223790ed800c285a91acfa538b1755c"},
    {file = "ephem-4.1.5-cp36-cp36m-manylinux_2_17_aarch64.manylinux2014_aarch64.whl", hash = "sha256:87e5be99ebc3bfa1dc70f31ba737dcdf9f6219570fa9a5729d0ff60134c7dc43"},
    {file = "ephem-4.1.5-cp36-cp36m-manylinux_2_17_s390x.manylinux2014_s390x.whl", hash = "sha256:261f82bd821cfbb8a056bb834da06d19d3afd3eb735c8cd549f775e45caef502"},
    {file = "ephem-4.1.5-cp36-cp36m-manylinux_2_17_x86_64.manylinux2014_x86_64.whl", hash = "sha256:cc612e5d1829f64a8db55d8b2566bef4ce479c1bbee110fedf3197170635f70c"},
    {file = "ephem-4.1.5-cp36-cp36m-musllinux_1_1_aarch64.whl", hash = "sha256:9fa8ee5d77a8a27a21d39142ee7c6332915b9e79a416a941cbc6f3db64c32cfe"},
    {file = "ephem-4.1.5-cp36-cp36m-musllinux_1_1_i686.whl", hash = "sha256:c109219a4728281dd4e8b1e9f449900d7a63e9400ef43c85151750d4725b0c9e"},
    {file = "ephem-4.1.5-cp36-cp36m-musllinux_1_1_s390x.whl", hash = "sha256:cf81a3bfa15d84871c4f87ecbf92280184ce96619cacdfe55f761d510a7f81db"},
    {file = "ephem-4.1.5-cp36-cp36m-musllinux_1_1_x86_64.whl", hash = "sha256:39dcc1b00882a2782771b12731a943706da8990c89be75caa294f0574cca661f"},
    {file = "ephem-4.1.5-cp36-cp36m-win32.whl", hash = "sha256:7b6384a032897d3e47da92ccc3348b74517c0dcf478a63b8cdedf69c177bccd2"},
    {file = "ephem-4.1.5-cp36-cp36m-win_amd64.whl", hash = "sha256:3bea9cb5a4a98d9c51430a395c4ad4f6307402fa7d3ffbe1bb28f7508e094dd3"},
    {file = "ephem-4.1.5-cp37-cp37m-macosx_10_9_x86_64.whl", hash = "sha256:cac6ed1664e7db22f3aadd8bc6b7afed191b8d5ce3aab9a00d719890a7c344d2"},
    {file = "ephem-4.1.5-cp37-cp37m-manylinux_2_12_i686.manylinux2010_i686.manylinux_2_17_i686.manylinux2014_i686.whl", hash = "sha256:02316f8ebb3f82273bc5fbb2970fd98bfb56ed8349197aff0f56c9b5fa04e47a"},
    {file = "ephem-4.1.5-cp37-cp37m-manylinux_2_17_aarch64.manylinux2014_aarch64.whl", hash = "sha256:6b044d4e3b11953b0543cbd10468bf84afaa840d165c6effbffff3c15d721234"},
    {file = "ephem-4.1.5-cp37-cp37m-manylinux_2_17_s390x.manylinux2014_s390x.whl", hash = "sha256:4a69b27eb82d7c0dccdd54e11ad27f3cadcddb02169a570ac7864dbaa9a10486"},
    {file = "ephem-4.1.5-cp37-cp37m-manylinux_2_17_x86_64.manylinux2014_x86_64.whl", hash = "sha256:9b01734c27ce38705418191322fd7bd0372d9709d326263991b1c7e1bc75a59f"},
    {file = "ephem-4.1.5-cp37-cp37m-musllinux_1_1_aarch64.whl", hash = "sha256:bcae4b30c4a7474cfc102610f23a4a114196c8d15165cbc0551fb0d542a768eb"},
    {file = "ephem-4.1.5-cp37-cp37m-musllinux_1_1_i686.whl", hash = "sha256:6fde92b6cc7837c141506a09f721f983e31b32785a9680f4d075be9763dc931b"},
    {file = "ephem-4.1.5-cp37-cp37m-musllinux_1_1_s390x.whl", hash = "sha256:0849f522d1ad4daac5407307be786a54283599cfe87f3fcfc677153db45d7e22"},
    {file = "ephem-4.1.5-cp37-cp37m-musllinux_1_1_x86_64.whl", hash = "sha256:82025d4a6d5f6d76a1f45b4eb940030be93e38a3ac3c589990172beac53c854e"},
    {file = "ephem-4.1.5-cp37-cp37m-win32.whl", hash = "sha256:d7c446228a8756fa39876701abf34d516cd9b49b867d52c2f661f1cf1d927335"},
    {file = "ephem-4.1.5-cp37-cp37m-win_amd64.whl", hash = "sha256:b1f509901dcf2b95cc175be39c90eb457e081f8ed9762f4aae74f45e092c7f8b"},
    {file = "ephem-4.1.5-cp38-cp38-macosx_10_9_x86_64.whl", hash = "sha256:8d1ca9cec961115a6197faee6ae2231bc76f9a7090bfdf759c810718c7715db9"},
    {file = "ephem-4.1.5-cp38-cp38-macosx_11_0_arm64.whl", hash = "sha256:3f95e89ab21e5214dbadfd41f9c94ce538bcd4411c18400cc638a00df728d67c"},
    {file = "ephem-4.1.5-cp38-cp38-manylinux_2_12_i686.manylinux2010_i686.manylinux_2_17_i686.manylinux2014_i686.whl", hash = "sha256:21e8239ec63c9c6a1ab4d8c578bf6b34c114a3754b80c2e02ce07de827925353"},
    {file = "ephem-4.1.5-cp38-cp38-manylinux_2_17_aarch64.manylinux2014_aarch64.whl", hash = "sha256:972ff0942ddf0f4ac5124bd974608b8371b22e84ab5ed49b4634455331f41987"},
    {file = "ephem-4.1.5-cp38-cp38-manylinux_2_17_s390x.manylinux2014_s390x.whl", hash = "sha256:bd85a8b5b20020e791273f9cfd80510e4f647c362e5a3b7aec2abcb604d8d02a"},
    {file = "ephem-4.1.5-cp38-cp38-manylinux_2_17_x86_64.manylinux2014_x86_64.whl", hash = "sha256:543ddd9e6bf573c24c1ccf30257ec655d8be00e28279fbdadbc774927d949663"},
    {file = "ephem-4.1.5-cp38-cp38-musllinux_1_1_aarch64.whl", hash = "sha256:beea8cccaf184cd2a16c091b0ce92293f1128e49fd43e3c81e79c9f8d051cea6"},
    {file = "ephem-4.1.5-cp38-cp38-musllinux_1_1_i686.whl", hash = "sha256:4f53899fbcdd14790b7a61aa70218337e1c6aabc26af99d2485ed6d98fec8cee"},
    {file = "ephem-4.1.5-cp38-cp38-musllinux_1_1_s390x.whl", hash = "sha256:3733d751c015d28bc043d543c47cee8d0a699a8330d3d34c9afdbd7e96310842"},
    {file = "ephem-4.1.5-cp38-cp38-musllinux_1_1_x86_64.whl", hash = "sha256:a7c904e6df8511bfad2a3119d2ba2333d94953d0d212b31725f4f749267f21cc"},
    {file = "ephem-4.1.5-cp38-cp38-win32.whl", hash = "sha256:3b46aa3f576d528a9dd4357b18c3e59308d0a1e537e45fe91df3753fa63100bf"},
    {file = "ephem-4.1.5-cp38-cp38-win_amd64.whl", hash = "sha256:37751e9bdb10ae109a2e7d7353911470ee5752f5caee4bbe0d764a39cdd57a5a"},
    {file = "ephem-4.1.5-cp39-cp39-macosx_10_9_x86_64.whl", hash = "sha256:fd76c85313b44e4a9b2e8a14f8e5ffbf43541b3cd023d623664f1dca8c8bf407"},
    {file = "ephem-4.1.5-cp39-cp39-macosx_11_0_arm64.whl", hash = "sha256:9b56f805aa26818e7efa46c2bf98417f677e4dc9ae1b6ef278747d823c7d4df6"},
    {file = "ephem-4.1.5-cp39-cp39-manylinux_2_12_i686.manylinux2010_i686.manylinux_2_17_i686.manylinux2014_i686.whl", hash = "sha256:4e9c15b5e5386cbee128737465ad7b042f57603c3e75bdbab84cd71b416127cf"},
    {file = "ephem-4.1.5-cp39-cp39-manylinux_2_17_aarch64.manylinux2014_aarch64.whl", hash = "sha256:c0f7f4a9de84a4ef8ce77ee980a963bb7725791caa3cb3389490ed35be1d06e8"},
    {file = "ephem-4.1.5-cp39-cp39-manylinux_2_17_s390x.manylinux2014_s390x.whl", hash = "sha256:2b38d0033f7e4ba6e2f5c9ecfc0827d619796ff182d98cc0adb62c6bce701fe0"},
    {file = "ephem-4.1.5-cp39-cp39-manylinux_2_17_x86_64.manylinux2014_x86_64.whl", hash = "sha256:fb55fc94512d0c46e610fa67af5fcad51e28aa2b30f7e88ef4cb38c7a443e81a"},
    {file = "ephem-4.1.5-cp39-cp39-musllinux_1_1_aarch64.whl", hash = "sha256:c4183bc20f5933c9fad3d754f9a9ac75dc9ea0d8c6a7faff63de5d28d6bf26d9"},
    {file = "ephem-4.1.5-cp39-cp39-musllinux_1_1_i686.whl", hash = "sha256:e067f98b6cd9da55a5de9ce7b2e1222574006b4c3083363eda507ce97ce9867b"},
    {file = "ephem-4.1.5-cp39-cp39-musllinux_1_1_s390x.whl", hash = "sha256:b5cf0e29657001482f3ed8eeaf1757c67b8d8fdc9c90e57b8d544fd1e7e4d6b3"},
    {file = "ephem-4.1.5-cp39-cp39-musllinux_1_1_x86_64.whl", hash = "sha256:a5058cfcf36643b11198d54266137d7db8476d66b2c9ff5e4e35638fc3254a2d"},
    {file = "ephem-4.1.5-cp39-cp39-win32.whl", hash = "sha256:c1eed128e5f6e551bc50cfaa87395cef7f03d65537fe4e8502704d200279e3b2"},
    {file = "ephem-4.1.5-cp39-cp39-win_amd64.whl", hash = "sha256:f4ff7153ac577cb336e08fdc7a76ac91185b2af5dae9ba3ae9d0e87af3ac35c3"},
    {file = "ephem-4.1.5.tar.gz", hash = "sha256:0c64a8aa401574c75942045b9af70d1656e14c5366151c0cbb400cbeedc2362a"},
]

[[package]]
name = "pyaes"
version = "1.6.1"
description = "Pure-Python Implementation of the AES block-cipher and common modes of operation"
optional = false
python-versions = "*"
files = [
    {file = "pyaes-1.6.1.tar.gz", hash = "sha256:02c1b1405c38d3c370b085fb952dd8bea3fadcee6411ad99f312cc129c536d8f"},
]

[[package]]
name = "pyasn1"
version = "0.6.0"
description = "Pure-Python implementation of ASN.1 types and DER/BER/CER codecs (X.208)"
optional = false
python-versions = ">=3.8"
files = [
    {file = "pyasn1-0.6.0-py2.py3-none-any.whl", hash = "sha256:cca4bb0f2df5504f02f6f8a775b6e416ff9b0b3b16f7ee80b5a3153d9b804473"},
    {file = "pyasn1-0.6.0.tar.gz", hash = "sha256:3a35ab2c4b5ef98e17dfdec8ab074046fbda76e281c5a706ccd82328cfc8f64c"},
]

[[package]]
name = "pylunar"
version = "0.7.2"
description = "Information for completing the Astronomical League's Lunar and Lunar II observing programs."
optional = false
python-versions = "*"
files = [
    {file = "pylunar-0.7.2-py3-none-any.whl", hash = "sha256:55cb9d700235f4ec63c073123211d810095d8f1ffe461279a011d4be134e552c"},
    {file = "pylunar-0.7.2.tar.gz", hash = "sha256:2df5892b1a39c11a7bc134751398c7a816a9dcf7b57e49817b006e6e718a77e9"},
]

[package.dependencies]
ephem = "4.1.5"
pytz = "2024.1"

[package.extras]
build = ["build (==1.0.3)", "twine (==4.0.2)"]
dev = ["pylunar[build,docs,lint,test]", "tox (==4.11.4)"]
docs = ["sphinx (>=7.1,<8.0)", "sphinx-rtd-theme (==2.0.0)"]
lint = ["pre-commit (>=3.5.0,<3.6.0)"]
test = ["coverage[toml] (==7.4.0)", "pytest (==7.4.4)"]

[[package]]
name = "python-crontab"
version = "3.1.0"
description = "Python Crontab API"
optional = false
python-versions = "*"
files = [
    {file = "python-crontab-3.1.0.tar.gz", hash = "sha256:f4ea1605d24533b67fa7a634ef26cb59a5f2e7954f6e677d2d7a2229959a2fc8"},
]

[package.dependencies]
python-dateutil = "*"

[package.extras]
cron-description = ["cron-descriptor"]
cron-schedule = ["croniter"]

[[package]]
name = "python-dateutil"
version = "2.9.0.post0"
description = "Extensions to the standard Python datetime module"
optional = false
python-versions = "!=3.0.*,!=3.1.*,!=3.2.*,>=2.7"
files = [
    {file = "python-dateutil-2.9.0.post0.tar.gz", hash = "sha256:37dd54208da7e1cd875388217d5e00ebd4179249f90fb72437e91a35459a0ad3"},
    {file = "python_dateutil-2.9.0.post0-py2.py3-none-any.whl", hash = "sha256:a8b2bc7bffae282281c8140a97d3aa9c14da0b136dfe83f850eea9a5f7470427"},
]

[package.dependencies]
six = ">=1.5"

[[package]]
name = "python-dotenv"
version = "1.0.1"
description = "Read key-value pairs from a .env file and set them as environment variables"
optional = false
python-versions = ">=3.8"
files = [
    {file = "python-dotenv-1.0.1.tar.gz", hash = "sha256:e324ee90a023d808f1959c46bcbc04446a10ced277783dc6ee09987c37ec10ca"},
    {file = "python_dotenv-1.0.1-py3-none-any.whl", hash = "sha256:f7b63ef50f1b690dddf550d03497b66d609393b40b564ed0d674909a68ebf16a"},
]

[package.extras]
cli = ["click (>=5.0)"]

[[package]]
name = "pytz"
version = "2024.1"
description = "World timezone definitions, modern and historical"
optional = false
python-versions = "*"
files = [
    {file = "pytz-2024.1-py2.py3-none-any.whl", hash = "sha256:328171f4e3623139da4983451950b28e95ac706e13f3f2630a879749e7a8b319"},
    {file = "pytz-2024.1.tar.gz", hash = "sha256:2a29735ea9c18baf14b448846bde5a48030ed267578472d8955cd0e7443a9812"},
]

[[package]]
name = "rsa"
version = "4.9"
description = "Pure-Python RSA implementation"
optional = false
python-versions = ">=3.6,<4"
files = [
    {file = "rsa-4.9-py3-none-any.whl", hash = "sha256:90260d9058e514786967344d0ef75fa8727eed8a7d2e43ce9f4bcf1b536174f7"},
    {file = "rsa-4.9.tar.gz", hash = "sha256:e38464a49c6c85d7f1351b0126661487a7e0a14a50f1675ec50eb34d4f20ef21"},
]

[package.dependencies]
pyasn1 = ">=0.1.3"

[[package]]
name = "six"
version = "1.16.0"
description = "Python 2 and 3 compatibility utilities"
optional = false
python-versions = ">=2.7, !=3.0.*, !=3.1.*, !=3.2.*"
files = [
    {file = "six-1.16.0-py2.py3-none-any.whl", hash = "sha256:8abb2f1d86890a2dfb989f9a77cfcfd3e47c2a354b01111771326f8aa26e0254"},
    {file = "six-1.16.0.tar.gz", hash = "sha256:1e61c37477a1626458e36f7b1d82aa5c9b094fa4802892072e49de9c60c4c926"},
]

[[package]]
name = "telethon"
version = "1.36.0"
description = "Full-featured Telegram client library for Python 3"
optional = false
python-versions = ">=3.5"
files = [
    {file = "Telethon-1.36.0.tar.gz", hash = "sha256:11db5c7ed7e37f1272d443fb7eea0f1db580d56c6949165233946fb323aaf3a7"},
]

[package.dependencies]
pyaes = "*"
rsa = "*"

[package.extras]
cryptg = ["cryptg"]

[metadata]
lock-version = "2.0"
python-versions = "^3.11"
content-hash = "284691b09f8ddf49d655d6955bafd066cc7566ee474cdd3572a6b46b3ef6bc49"
