# This file is automatically @generated by Poetry 1.5.1 and should not be changed by hand.

[[package]]
name = "ephem"
version = "4.1.4"
description = "Compute positions of the planets and stars"
optional = false
python-versions = "*"
files = [
    {file = "ephem-4.1.4-cp310-cp310-macosx_10_9_x86_64.whl", hash = "sha256:024752ae7074c660630046929e12650cc6e72e1c11b7554ccefbe16f8ce3c48d"},
    {file = "ephem-4.1.4-cp310-cp310-manylinux_2_12_i686.manylinux2010_i686.manylinux_2_17_i686.manylinux2014_i686.whl", hash = "sha256:158bf9fb2b58cb77c606687c9ad35dc82903ed00617a12c93dd2d89a65d6374d"},
    {file = "ephem-4.1.4-cp310-cp310-manylinux_2_17_aarch64.manylinux2014_aarch64.whl", hash = "sha256:11be09d245e77457e87988a4fdc811bdc6c5f1daaa73fb24289b220db720831d"},
    {file = "ephem-4.1.4-cp310-cp310-manylinux_2_17_s390x.manylinux2014_s390x.whl", hash = "sha256:649bd2c85f5fc450136dacc0416af7127a07c0b2ce84bfdc89c1bc78129216a3"},
    {file = "ephem-4.1.4-cp310-cp310-manylinux_2_17_x86_64.manylinux2014_x86_64.whl", hash = "sha256:d6918b012365791b786ed0f30e8ea3941cbc49486dcf6c28d151f119c62d5be8"},
    {file = "ephem-4.1.4-cp310-cp310-musllinux_1_1_aarch64.whl", hash = "sha256:d343e9ca26f04a05b01fcaaf800224da5d15ad76902d7dc452c216e448293893"},
    {file = "ephem-4.1.4-cp310-cp310-musllinux_1_1_i686.whl", hash = "sha256:d0403738f59aefe81ee5b0219cd909f2a05b03b7da465f9b233da57d3dea0de6"},
    {file = "ephem-4.1.4-cp310-cp310-musllinux_1_1_s390x.whl", hash = "sha256:d61f38f35c25049ca2b95aa4e12e952e5ef56b31eac4a9d6d4e24aacf9373101"},
    {file = "ephem-4.1.4-cp310-cp310-musllinux_1_1_x86_64.whl", hash = "sha256:4039aa2f0b8c204283fc478551d8b29c9473137ad8a910a5ff60ae3be6593c7b"},
    {file = "ephem-4.1.4-cp310-cp310-win32.whl", hash = "sha256:8979429643ac4e29a5496321c9c41a20cd7a6a530aee9865c7fab0008450ef28"},
    {file = "ephem-4.1.4-cp310-cp310-win_amd64.whl", hash = "sha256:589a2235f49232b92ee0247923360a264086a57b2c39d4191348f95ba5ce0c3d"},
    {file = "ephem-4.1.4-cp311-cp311-macosx_10_9_x86_64.whl", hash = "sha256:feab5f68ae9fa622d6316790c9cfc399e8b78f7958a61da4edf2cb5e0e675d44"},
    {file = "ephem-4.1.4-cp311-cp311-manylinux_2_12_i686.manylinux2010_i686.manylinux_2_17_i686.manylinux2014_i686.whl", hash = "sha256:df9c482c8d25e69271311606b4de0e177e44ceb11781c7ebacf17cc5b391f832"},
    {file = "ephem-4.1.4-cp311-cp311-manylinux_2_17_aarch64.manylinux2014_aarch64.whl", hash = "sha256:1cceea883856817f3ea3f73442e3be3a4a56558cdb77cc85d02db4429ce5ab16"},
    {file = "ephem-4.1.4-cp311-cp311-manylinux_2_17_s390x.manylinux2014_s390x.whl", hash = "sha256:f3e9ea626bc522fd4dd1ff795f0922fcb4c4eb57effe91b6284411166ddd1fd7"},
    {file = "ephem-4.1.4-cp311-cp311-manylinux_2_17_x86_64.manylinux2014_x86_64.whl", hash = "sha256:aad22e769bd35415cad8f2ef6d4d875190d9bdad4fed2842fd19dac6f1ccb9dd"},
    {file = "ephem-4.1.4-cp311-cp311-musllinux_1_1_aarch64.whl", hash = "sha256:e3327218495235ec215ffe43253c0bf3fa982f59504b351c53b024f1c7b63752"},
    {file = "ephem-4.1.4-cp311-cp311-musllinux_1_1_i686.whl", hash = "sha256:d2c56238a1aec72a78ad7061f5c531df97a66ea0cca45204b6b8141c3bb1540e"},
    {file = "ephem-4.1.4-cp311-cp311-musllinux_1_1_s390x.whl", hash = "sha256:fffe176bd94f4f61be5a54b54a966988cceb6ba69a6ed729aab166020fdb37c3"},
    {file = "ephem-4.1.4-cp311-cp311-musllinux_1_1_x86_64.whl", hash = "sha256:8f9b27117e7a82f7f70db9cb23b5cc36d37b166a2f73c55e14d7225d0ab95afa"},
    {file = "ephem-4.1.4-cp311-cp311-win32.whl", hash = "sha256:9bb21c0b117c9122c0141b0a71ee6fbbb087ed2aab4a7ab60f009e95e9f4a521"},
    {file = "ephem-4.1.4-cp311-cp311-win_amd64.whl", hash = "sha256:55d7fb5c34b2e453e01fa4ca7ee375b19b438c9401ae8c4099ae4a3a37656972"},
    {file = "ephem-4.1.4-cp36-cp36m-macosx_10_9_x86_64.whl", hash = "sha256:40067fc050c946c8d4c2d779805b61f063471a091e6124cbabcf61ac538011b2"},
    {file = "ephem-4.1.4-cp36-cp36m-manylinux_2_12_i686.manylinux2010_i686.manylinux_2_17_i686.manylinux2014_i686.whl", hash = "sha256:7e2abe97aa2b091090012768b4d94793213cc01f0bf040dcc311a380ab08df69"},
    {file = "ephem-4.1.4-cp36-cp36m-manylinux_2_17_aarch64.manylinux2014_aarch64.whl", hash = "sha256:3b2677d3a5b42aedc578de10b0eecdba6a50731f159cb28f7ad38c5f62143494"},
    {file = "ephem-4.1.4-cp36-cp36m-manylinux_2_17_s390x.manylinux2014_s390x.whl", hash = "sha256:80a73da8ec61f86e5a97f73311159e61279dabdfbd17c9d4e2791a25a836f9ce"},
    {file = "ephem-4.1.4-cp36-cp36m-manylinux_2_17_x86_64.manylinux2014_x86_64.whl", hash = "sha256:a146db114cfc942d123a38c301a8b8ca7eef2e37d2c5a4bd59e4abc99123c083"},
    {file = "ephem-4.1.4-cp36-cp36m-musllinux_1_1_aarch64.whl", hash = "sha256:4f3650c27c3ab6b73e2de7fd8de10e1c0d73f4683c9c5fb2e7113722ec2c2b53"},
    {file = "ephem-4.1.4-cp36-cp36m-musllinux_1_1_i686.whl", hash = "sha256:171fc5e7c4e9523f900dfd5ab6520bceb260a2b59fcb558d9aec17fd562b6251"},
    {file = "ephem-4.1.4-cp36-cp36m-musllinux_1_1_s390x.whl", hash = "sha256:8974799afb37f17ac71e16e479d0e315d74bea4bed2becaf21d1b9304299bbaf"},
    {file = "ephem-4.1.4-cp36-cp36m-musllinux_1_1_x86_64.whl", hash = "sha256:3c39fb62c240f57533ea618295e510c44e466e74f2f4a899fbaa04b166b62d04"},
    {file = "ephem-4.1.4-cp36-cp36m-win32.whl", hash = "sha256:23e1432f021c69b2965c87a693ffd25caf08416e92bcb0fed91425083a374210"},
    {file = "ephem-4.1.4-cp36-cp36m-win_amd64.whl", hash = "sha256:86d6dda3581e61f6bad5479e26bca9e560671852ac00a5a8ed10f722635ddf71"},
    {file = "ephem-4.1.4-cp37-cp37m-macosx_10_9_x86_64.whl", hash = "sha256:e731c3e2f1767fab14e5d4077a3519f70afd22cb7dd113274c2850f8ef8ff828"},
    {file = "ephem-4.1.4-cp37-cp37m-manylinux_2_12_i686.manylinux2010_i686.manylinux_2_17_i686.manylinux2014_i686.whl", hash = "sha256:c8b79b47c7be0d64013fb5d97dd6bbfb9bf63ae07b2ec917be19d3b4cc5782b8"},
    {file = "ephem-4.1.4-cp37-cp37m-manylinux_2_17_aarch64.manylinux2014_aarch64.whl", hash = "sha256:89f759ce8e3489d15b9f3796d210196085dcb84cacdf24b2ece791b029245544"},
    {file = "ephem-4.1.4-cp37-cp37m-manylinux_2_17_s390x.manylinux2014_s390x.whl", hash = "sha256:daf1a1280102e14c718d684989da34151697a426522f8ae18b1081e8bad705c9"},
    {file = "ephem-4.1.4-cp37-cp37m-manylinux_2_17_x86_64.manylinux2014_x86_64.whl", hash = "sha256:e3da3b76d5d5e339461059c3314013c152ef569c798bfd578bcfb504b875a837"},
    {file = "ephem-4.1.4-cp37-cp37m-musllinux_1_1_aarch64.whl", hash = "sha256:aac0a0e41deb2a197cf67e800a3d0f4029139b9ce12bed148ffe994ec78593f9"},
    {file = "ephem-4.1.4-cp37-cp37m-musllinux_1_1_i686.whl", hash = "sha256:85809803e349bb4a0d56880067549abdc2b93fddf93ac3d55486040cbec1553f"},
    {file = "ephem-4.1.4-cp37-cp37m-musllinux_1_1_s390x.whl", hash = "sha256:93d8f8b4e6206d3401dbdb0cdabb0d15c59cf9c2a7ee7c586da8c7dbf1f2a136"},
    {file = "ephem-4.1.4-cp37-cp37m-musllinux_1_1_x86_64.whl", hash = "sha256:5beaa0cb659951211aec33a7c132557a1a161dacf53f1b1493830489cfc68215"},
    {file = "ephem-4.1.4-cp37-cp37m-win32.whl", hash = "sha256:bbd4727498928ece694ec1b33023f16b6d050d9952d4052129b24e08e04d67fd"},
    {file = "ephem-4.1.4-cp37-cp37m-win_amd64.whl", hash = "sha256:39c710d73449b1c495b58d803da881363a0cae4b728de9fa332f77bcb4686ac8"},
    {file = "ephem-4.1.4-cp38-cp38-macosx_10_9_x86_64.whl", hash = "sha256:24b7e90c731e851a56ab5e9d538915faaa54945e9b5211cfdf04e570fc27c529"},
    {file = "ephem-4.1.4-cp38-cp38-manylinux_2_12_i686.manylinux2010_i686.manylinux_2_17_i686.manylinux2014_i686.whl", hash = "sha256:ab40ad7a5ccd66cad4161ca2295c04f01a74ec596c936c3af97a67733e2cd5bf"},
    {file = "ephem-4.1.4-cp38-cp38-manylinux_2_17_aarch64.manylinux2014_aarch64.whl", hash = "sha256:555d63d70e36e46e43b955c37cdb0f8b82ee2051c575960c4b01948be9f04e5e"},
    {file = "ephem-4.1.4-cp38-cp38-manylinux_2_17_s390x.manylinux2014_s390x.whl", hash = "sha256:3a29de7c737047cc2412edada9d03b761339d3560d7db471cd04f257e1e02f2f"},
    {file = "ephem-4.1.4-cp38-cp38-manylinux_2_17_x86_64.manylinux2014_x86_64.whl", hash = "sha256:4e737b49643a300fa15b788accc72802af93b49cd5d071e53111e08e3fba6570"},
    {file = "ephem-4.1.4-cp38-cp38-musllinux_1_1_aarch64.whl", hash = "sha256:56c448a83290dabd1df5865fbf9e39d17400abcef37cb36de90ea1a860c0a08e"},
    {file = "ephem-4.1.4-cp38-cp38-musllinux_1_1_i686.whl", hash = "sha256:3bd7da534a542d937b10f3c643301dc9b8bc09f7a40350b32efc32910232da9e"},
    {file = "ephem-4.1.4-cp38-cp38-musllinux_1_1_s390x.whl", hash = "sha256:0493ad1b3d2505acbf442e31aadb86fba096ba30008a586fe6361a9de5974ed3"},
    {file = "ephem-4.1.4-cp38-cp38-musllinux_1_1_x86_64.whl", hash = "sha256:3442fba6afae0bcb643c9b069765033b67d2c8fe4350f9beb4f2f5cfdaaa7442"},
    {file = "ephem-4.1.4-cp38-cp38-win32.whl", hash = "sha256:8e0bb8379fb6b709a3cbceb6a11a3dc0f25e5b16a6f009b48e09d6b95f896d9c"},
    {file = "ephem-4.1.4-cp38-cp38-win_amd64.whl", hash = "sha256:a940cd4d8d7aed68efd3d6b717f393bbedf541d388ba11eb3ed56a9fc6cbb1ca"},
    {file = "ephem-4.1.4-cp39-cp39-macosx_10_9_x86_64.whl", hash = "sha256:7f51a3bcd5f69c4070e8a6936e4a61019ad2d6b94bc8b5ca1e498dea0962a373"},
    {file = "ephem-4.1.4-cp39-cp39-manylinux_2_12_i686.manylinux2010_i686.manylinux_2_17_i686.manylinux2014_i686.whl", hash = "sha256:41680b48aeae5b992371bf7ec1bc07457500ff4a6ea7d333793e945b97951de0"},
    {file = "ephem-4.1.4-cp39-cp39-manylinux_2_17_aarch64.manylinux2014_aarch64.whl", hash = "sha256:f11edaef2e4a4d010e21b5ff8bcd9435fbc7fe9e16923f81143f248ae8ae8e9d"},
    {file = "ephem-4.1.4-cp39-cp39-manylinux_2_17_s390x.manylinux2014_s390x.whl", hash = "sha256:72078b49748318cbbbe1a49ab5dcd05e63c917151351175b590833e6163a1506"},
    {file = "ephem-4.1.4-cp39-cp39-manylinux_2_17_x86_64.manylinux2014_x86_64.whl", hash = "sha256:b2ba977ad0402ac44fe66af6e1119632efe84b7d1255f8f6f94d7768d9487453"},
    {file = "ephem-4.1.4-cp39-cp39-musllinux_1_1_aarch64.whl", hash = "sha256:a21a11285904f43c3bc6909727d09109b8e38dc2e3cda662089601cb37b3d082"},
    {file = "ephem-4.1.4-cp39-cp39-musllinux_1_1_i686.whl", hash = "sha256:9aabc3cab5fb9440564dfdf79e39ee01d16554d7bfb8228cddfe9eada460dba9"},
    {file = "ephem-4.1.4-cp39-cp39-musllinux_1_1_s390x.whl", hash = "sha256:5327fd48fc8ff966023a6f177813fc058bb2a496c70b53a79f85bf2eba3ca93d"},
    {file = "ephem-4.1.4-cp39-cp39-musllinux_1_1_x86_64.whl", hash = "sha256:1e429f6e0e05e4c8c54802e951cd1bde440dd6f896c2b5691ef5ebd9bc3ba489"},
    {file = "ephem-4.1.4-cp39-cp39-win32.whl", hash = "sha256:a8d125d04800425a9d944109710687bbb3703e8f04ac3bc8445779bb0ad5dcc2"},
    {file = "ephem-4.1.4-cp39-cp39-win_amd64.whl", hash = "sha256:4e8ec4e29c7f04d6334215775a8c4dc77eae8ed698384530d9415a98500ed01c"},
    {file = "ephem-4.1.4.tar.gz", hash = "sha256:73a59f0d2162d1624535c3c3b75f956556bdbb2055eaf554a7bef147d3f9c760"},
]

[[package]]
name = "pyaes"
version = "1.6.1"
description = "Pure-Python Implementation of the AES block-cipher and common modes of operation"
optional = false
python-versions = "*"
files = [
    {file = "pyaes-1.6.1.tar.gz", hash = "sha256:02c1b1405c38d3c370b085fb952dd8bea3fadcee6411ad99f312cc129c536d8f"},
]

[[package]]
name = "pyasn1"
version = "0.5.0"
description = "Pure-Python implementation of ASN.1 types and DER/BER/CER codecs (X.208)"
optional = false
python-versions = "!=3.0.*,!=3.1.*,!=3.2.*,!=3.3.*,!=3.4.*,!=3.5.*,>=2.7"
files = [
    {file = "pyasn1-0.5.0-py2.py3-none-any.whl", hash = "sha256:87a2121042a1ac9358cabcaf1d07680ff97ee6404333bacca15f76aa8ad01a57"},
    {file = "pyasn1-0.5.0.tar.gz", hash = "sha256:97b7290ca68e62a832558ec3976f15cbf911bf5d7c7039d8b861c2a0ece69fde"},
]

[[package]]
name = "pylunar"
version = "0.6.0"
description = "Information for completing the Astronomical League's Lunar and Lunar II observing programs."
optional = false
python-versions = "*"
files = [
    {file = "pylunar-0.6.0-py2.py3-none-any.whl", hash = "sha256:ea7a60f9327b2838596162c32a17902fc7f5658444f2adf57dceceb303e5d9aa"},
    {file = "pylunar-0.6.0.tar.gz", hash = "sha256:56359708de04e766457161f34927c6daa0acafe01d6829bf2ad8a8e0025e800f"},
]

[package.dependencies]
ephem = "*"
pytz = "*"

[[package]]
name = "python-crontab"
version = "3.0.0"
description = "Python Crontab API"
optional = false
python-versions = "*"
files = [
    {file = "python-crontab-3.0.0.tar.gz", hash = "sha256:79fb7465039ddfd4fb93d072d6ee0d45c1ac8bf1597f0686ea14fd4361dba379"},
    {file = "python_crontab-3.0.0-py3-none-any.whl", hash = "sha256:6d5ba3c190ec76e4d252989a1644fcb233dbf53fbc8fceeb9febe1657b9fb1d4"},
]

[package.dependencies]
python-dateutil = "*"

[package.extras]
cron-description = ["cron-descriptor"]
cron-schedule = ["croniter"]

[[package]]
name = "python-dateutil"
version = "2.8.2"
description = "Extensions to the standard Python datetime module"
optional = false
python-versions = "!=3.0.*,!=3.1.*,!=3.2.*,>=2.7"
files = [
    {file = "python-dateutil-2.8.2.tar.gz", hash = "sha256:0123cacc1627ae19ddf3c27a5de5bd67ee4586fbdd6440d9748f8abb483d3e86"},
    {file = "python_dateutil-2.8.2-py2.py3-none-any.whl", hash = "sha256:961d03dc3453ebbc59dbdea9e4e11c5651520a876d0f4db161e8674aae935da9"},
]

[package.dependencies]
six = ">=1.5"

[[package]]
name = "python-dotenv"
version = "1.0.0"
description = "Read key-value pairs from a .env file and set them as environment variables"
optional = false
python-versions = ">=3.8"
files = [
    {file = "python-dotenv-1.0.0.tar.gz", hash = "sha256:a8df96034aae6d2d50a4ebe8216326c61c3eb64836776504fcca410e5937a3ba"},
    {file = "python_dotenv-1.0.0-py3-none-any.whl", hash = "sha256:f5971a9226b701070a4bf2c38c89e5a3f0d64de8debda981d1db98583009122a"},
]

[package.extras]
cli = ["click (>=5.0)"]

[[package]]
name = "pytz"
version = "2023.3"
description = "World timezone definitions, modern and historical"
optional = false
python-versions = "*"
files = [
    {file = "pytz-2023.3-py2.py3-none-any.whl", hash = "sha256:a151b3abb88eda1d4e34a9814df37de2a80e301e68ba0fd856fb9b46bfbbbffb"},
    {file = "pytz-2023.3.tar.gz", hash = "sha256:1d8ce29db189191fb55338ee6d0387d82ab59f3d00eac103412d64e0ebd0c588"},
]

[[package]]
name = "rsa"
version = "4.9"
description = "Pure-Python RSA implementation"
optional = false
python-versions = ">=3.6,<4"
files = [
    {file = "rsa-4.9-py3-none-any.whl", hash = "sha256:90260d9058e514786967344d0ef75fa8727eed8a7d2e43ce9f4bcf1b536174f7"},
    {file = "rsa-4.9.tar.gz", hash = "sha256:e38464a49c6c85d7f1351b0126661487a7e0a14a50f1675ec50eb34d4f20ef21"},
]

[package.dependencies]
pyasn1 = ">=0.1.3"

[[package]]
name = "ruff"
version = "0.0.282"
description = "An extremely fast Python linter, written in Rust."
optional = false
python-versions = ">=3.7"
files = [
    {file = "ruff-0.0.282-py3-none-macosx_10_7_x86_64.whl", hash = "sha256:01b76309ddab16eb258dabc5e86e73e6542f59f3ea6b4ab886ecbcfc80ce062c"},
    {file = "ruff-0.0.282-py3-none-macosx_10_9_x86_64.macosx_11_0_arm64.macosx_10_9_universal2.whl", hash = "sha256:e177cbb6dc0b1dbef5e999900d798b73e33602abf9b6c62d5d2cbe101026d931"},
    {file = "ruff-0.0.282-py3-none-manylinux_2_17_aarch64.manylinux2014_aarch64.whl", hash = "sha256:5374b40b6d860d334d28678a53a92f0bf04b53acdf0395900361ad54ce71cd1d"},
    {file = "ruff-0.0.282-py3-none-manylinux_2_17_armv7l.manylinux2014_armv7l.whl", hash = "sha256:d1ccbceb44e94fe2205b63996166e98a513a19ed23ec01d7193b7494b94ba30d"},
    {file = "ruff-0.0.282-py3-none-manylinux_2_17_i686.manylinux2014_i686.whl", hash = "sha256:eee9c8c50bc77eb9c0811c91d9d67ff39fe4f394c2f44ada37dac6d45e50c9f1"},
    {file = "ruff-0.0.282-py3-none-manylinux_2_17_ppc64.manylinux2014_ppc64.whl", hash = "sha256:826e4de98e91450a6fe699a4e4a7cf33b9a90a2c5c270dc5b202241c37359ff8"},
    {file = "ruff-0.0.282-py3-none-manylinux_2_17_ppc64le.manylinux2014_ppc64le.whl", hash = "sha256:d99758f8bbcb8f8da99acabf711ffad5e7a015247adf27211100b3586777fd56"},
    {file = "ruff-0.0.282-py3-none-manylinux_2_17_s390x.manylinux2014_s390x.whl", hash = "sha256:3f30c9958ab9cb02bf0c574c629e87c19454cbbdb82750e49e3d1559a5a8f216"},
    {file = "ruff-0.0.282-py3-none-manylinux_2_17_x86_64.manylinux2014_x86_64.whl", hash = "sha256:47a7a9366ab8e4ee20df9339bef172eec7b2e9e123643bf3ede005058f5b114e"},
    {file = "ruff-0.0.282-py3-none-musllinux_1_2_aarch64.whl", hash = "sha256:1f05f5e6d6df6f8b1974c08f963c33f0a4d8cfa15cba12d35ca3ece8e9be5b1f"},
    {file = "ruff-0.0.282-py3-none-musllinux_1_2_armv7l.whl", hash = "sha256:0710ea2cadc504b96c1d94c414a7802369d0fff2ab7c94460344bba69135cb40"},
    {file = "ruff-0.0.282-py3-none-musllinux_1_2_i686.whl", hash = "sha256:2ca52536e1c7603fe4cbb5ad9dc141df47c3200df782f5ec559364716ea27f96"},
    {file = "ruff-0.0.282-py3-none-musllinux_1_2_x86_64.whl", hash = "sha256:aab9ed5bfba6b0a2242a7ec9a72858c802ceeaf0076fe72b2ad455639275f22c"},
    {file = "ruff-0.0.282-py3-none-win32.whl", hash = "sha256:f51bbb64f8f29e444c16d21b269ba82e25f8d536beda3df7c9fe1816297e508e"},
    {file = "ruff-0.0.282-py3-none-win_amd64.whl", hash = "sha256:bd25085c42ebaffe336ed7bda8a0ae7b6c454a5f386ec8b2299503f79bd12bdf"},
    {file = "ruff-0.0.282-py3-none-win_arm64.whl", hash = "sha256:f03fba9621533d67d7ab995847467d78b9337e3697779ef2cea6f1deaee5fbef"},
    {file = "ruff-0.0.282.tar.gz", hash = "sha256:ef677c26bae756e4c98af6d8972da83caea550bc92ffef97a6e939ca5b24ad06"},
]

[[package]]
name = "six"
version = "1.16.0"
description = "Python 2 and 3 compatibility utilities"
optional = false
python-versions = ">=2.7, !=3.0.*, !=3.1.*, !=3.2.*"
files = [
    {file = "six-1.16.0-py2.py3-none-any.whl", hash = "sha256:8abb2f1d86890a2dfb989f9a77cfcfd3e47c2a354b01111771326f8aa26e0254"},
    {file = "six-1.16.0.tar.gz", hash = "sha256:1e61c37477a1626458e36f7b1d82aa5c9b094fa4802892072e49de9c60c4c926"},
]

[[package]]
name = "telethon"
version = "1.29.2"
description = "Full-featured Telegram client library for Python 3"
optional = false
python-versions = ">=3.5"
files = [
    {file = "Telethon-1.29.2.tar.gz", hash = "sha256:c34885c9435864fbd5e379700b7c022571c2b6b6c5dc9beb5ceac5699aa96c4a"},
]

[package.dependencies]
pyaes = "*"
rsa = "*"

[package.extras]
cryptg = ["cryptg"]

[metadata]
lock-version = "2.0"
python-versions = "^3.11"
content-hash = "a46041cfaefac78f500d8921950169109e2b04c75ff4c8103700103ba8686f3a"
