version = 1
revision = 2
requires-python = ">=3.11"

[[package]]
name = "ephem"
version = "4.2"
source = { registry = "https://pypi.org/simple" }
sdist = { url = "https://files.pythonhosted.org/packages/59/13/0d2c9525b1ba465e09af3f6585b3ac8fb0d66241b52f9f4f10118e323a9d/ephem-4.2.tar.gz", hash = "sha256:3c4fd64f453e8f40cf862420a70da95a71b6487ace75e8e0cf85d73707db6065", size = 1261100, upload-time = "2025-02-18T14:47:42.716Z" }
wheels = [
    { url = "https://files.pythonhosted.org/packages/e4/35/9634b1cd4be08c922fa24b416520f7dd48c6b4a50c4e470cd939abf3be2c/ephem-4.2-cp311-cp311-macosx_10_9_x86_64.whl", hash = "sha256:45bea1bb6fb1850f2d3169e541c22fb88030976967f8c551181786f5e713100e", size = 1429754, upload-time = "2025-02-18T14:45:09.008Z" },
    { url = "https://files.pythonhosted.org/packages/da/b0/9125690139d1af9dbb67fc520dfe887212499d36f153c79bf4f839245269/ephem-4.2-cp311-cp311-macosx_11_0_arm64.whl", hash = "sha256:40aa89b316bd2cb6a5a1ed0f391983272626582cdf14e5c92cfe8d167b4a32c0", size = 1431956, upload-time = "2025-02-18T14:45:13.452Z" },
    { url = "https://files.pythonhosted.org/packages/6c/09/c552d9d933660e9889f622c889815a5627cda5482982a4971afdbd52c759/ephem-4.2-cp311-cp311-manylinux_2_12_i686.manylinux2010_i686.manylinux_2_17_i686.manylinux2014_i686.whl", hash = "sha256:b5ebe25f33f43cd3ae92b70a43ad558775513bddcac706474110045795b356a1", size = 1755857, upload-time = "2025-02-18T14:45:14.865Z" },
    { url = "https://files.pythonhosted.org/packages/31/0a/2490f45e3228446b6d8efe65ed44edf542a0788d38751b13725cf5c12805/ephem-4.2-cp311-cp311-manylinux_2_17_aarch64.manylinux2014_aarch64.whl", hash = "sha256:99b6d7c75505f2ca3e470fea659dabe806c947f21d57093af5c97bb9310851e4", size = 1775866, upload-time = "2025-02-18T14:45:16.663Z" },
    { url = "https://files.pythonhosted.org/packages/aa/10/2b297619014b4b64bb5ea6505bf7a395bc2a36bfac1d36dff1f33d245a92/ephem-4.2-cp311-cp311-manylinux_2_17_s390x.manylinux2014_s390x.whl", hash = "sha256:539339b435b7fb501c3ef3695e37cc39e280c7402e4ac28d829124928bb2a8ae", size = 1785883, upload-time = "2025-02-18T14:45:21.407Z" },
    { url = "https://files.pythonhosted.org/packages/97/72/63643987b3aeb1f6f2df813fcb53b03360f2c66f030aac8966997fc12125/ephem-4.2-cp311-cp311-manylinux_2_17_x86_64.manylinux2014_x86_64.whl", hash = "sha256:1e9b3b809ccf6addf01e852b1bb0a0c872b92144a38efda13caef1c3de451808", size = 1777609, upload-time = "2025-02-18T14:45:23.301Z" },
    { url = "https://files.pythonhosted.org/packages/b6/80/533b98ece0ad3a8ae1a17285acc90c74505df62b47d7dbaf8775fb481574/ephem-4.2-cp311-cp311-musllinux_1_2_aarch64.whl", hash = "sha256:bd836343c6d3b0a7658a8f7d1df2937f398f4b8465a6a77b47e6fa84edd574ae", size = 1774903, upload-time = "2025-02-18T14:45:25.473Z" },
    { url = "https://files.pythonhosted.org/packages/40/ee/586d6f05058f169b6385afeedc8727468de849a721b5ca1c3e8c28c889dd/ephem-4.2-cp311-cp311-musllinux_1_2_i686.whl", hash = "sha256:74673ea73bda79b81b21a9326798f6cc32d22c0845cffb05eca5dec5c50b3a89", size = 1791567, upload-time = "2025-02-18T14:45:26.878Z" },
    { url = "https://files.pythonhosted.org/packages/b8/a7/f77ec7b4207e06f118cfa6272c4c05292e52581bf470c60d65064d5f711e/ephem-4.2-cp311-cp311-musllinux_1_2_s390x.whl", hash = "sha256:a7aa551ea1a6ae2ee58ab31571be1caf5647c31f97588ef2a09ac8e991f9c133", size = 1808177, upload-time = "2025-02-18T14:45:28.304Z" },
    { url = "https://files.pythonhosted.org/packages/ac/08/b1d806517261fac4589bbef37876f12dc7a4ebabd25817a9ce33edb87a13/ephem-4.2-cp311-cp311-musllinux_1_2_x86_64.whl", hash = "sha256:9da22f8b6fe666cc77f69ca74959463007fc0c8e913026b225658bcd91e9d358", size = 1777174, upload-time = "2025-02-18T14:45:29.712Z" },
    { url = "https://files.pythonhosted.org/packages/88/ed/36511c85bf33f50df90def15393d1b138b3f2c10f639e8a5c4203a8d2edf/ephem-4.2-cp311-cp311-win32.whl", hash = "sha256:a0490e6755bde5c80787ab4937a1f1d2832ea5e6e1b624b53d5e2852b7d4c303", size = 1399304, upload-time = "2025-02-18T14:45:31.053Z" },
    { url = "https://files.pythonhosted.org/packages/a0/b8/4ae05b726408dff9f9b26fd480ae88e9f28eb4d6b632b40710bd3e98f278/ephem-4.2-cp311-cp311-win_amd64.whl", hash = "sha256:f409c4adb0160689a3297b83bfddf4893942eb8a6a6bf31f034d9ed8ebcd6112", size = 1416573, upload-time = "2025-02-18T14:45:32.431Z" },
    { url = "https://files.pythonhosted.org/packages/83/e0/b87516791e03d854875d7ae6c806ad0cf0655f245e23a8a08793255be9d5/ephem-4.2-cp312-cp312-macosx_10_13_x86_64.whl", hash = "sha256:e6db15e4169f8a73827ab0eb3a5722bb9679781375384cdea5809cf325e13b14", size = 1429184, upload-time = "2025-02-18T14:45:33.783Z" },
    { url = "https://files.pythonhosted.org/packages/da/a1/0526c70fa48b9bf797a67acd4adc2976e8f5ba617b70f8b030b2adb21d4e/ephem-4.2-cp312-cp312-macosx_11_0_arm64.whl", hash = "sha256:10f561e488787b6fc9a689f1f926f51bb225bb91af18ed0b38e1c93ffa179d2e", size = 1432149, upload-time = "2025-02-18T14:45:35.422Z" },
    { url = "https://files.pythonhosted.org/packages/df/c1/d71067c75043764672b8204ae4088f43042775e0165cad88bca8738bd72a/ephem-4.2-cp312-cp312-manylinux_2_12_i686.manylinux2010_i686.manylinux_2_17_i686.manylinux2014_i686.whl", hash = "sha256:faf33b2b03e3b6cecff25b6cdb6fd3295908a8cea29b614beda5e36dc6f978a6", size = 1758869, upload-time = "2025-02-18T14:45:37.514Z" },
    { url = "https://files.pythonhosted.org/packages/2a/9b/59612065e27606ebf8edf2452e526dbc4677f9a55669d7b8a6e225e2df1f/ephem-4.2-cp312-cp312-manylinux_2_17_aarch64.manylinux2014_aarch64.whl", hash = "sha256:4765768de1cb0af0e179f3860e6fa0163e8a7d23faf2fa61fe113eee3748fe02", size = 1778659, upload-time = "2025-02-18T14:45:39.748Z" },
    { url = "https://files.pythonhosted.org/packages/77/a8/2b17efd7c621507d5d9e1ea52b63c391373226e1f6d1ebe0df79caad21ba/ephem-4.2-cp312-cp312-manylinux_2_17_s390x.manylinux2014_s390x.whl", hash = "sha256:d617510363d1d80d50cc601b477e4e817b83de311fea932d85bb9d87913b577a", size = 1788867, upload-time = "2025-02-18T14:45:41.101Z" },
    { url = "https://files.pythonhosted.org/packages/5e/f5/81c657c874e590adae61eeae26d8dbf181b513a2a869f76a1a41b4947c45/ephem-4.2-cp312-cp312-manylinux_2_17_x86_64.manylinux2014_x86_64.whl", hash = "sha256:65c4b960b556b1db868de77ddc7ecc9a554dd103a9d59a07321ee45657c32b3f", size = 1781181, upload-time = "2025-02-18T14:45:42.506Z" },
    { url = "https://files.pythonhosted.org/packages/4c/7d/11bf452e8af05ca74830eaeb6e9202702b15c830bf5a8602c2b58d3bf00e/ephem-4.2-cp312-cp312-musllinux_1_2_aarch64.whl", hash = "sha256:9a4e8b69803bff40ba56bb60d08e3e20c23f50bf2076cc8b8df371c92ab4418c", size = 1777417, upload-time = "2025-02-18T14:45:44.053Z" },
    { url = "https://files.pythonhosted.org/packages/85/70/5f67b859d3fa73412c98a00a019b368685028092865561cbb250cceb1ca9/ephem-4.2-cp312-cp312-musllinux_1_2_i686.whl", hash = "sha256:245accecb7050f3f0e495dbd49f58b38e63d70d1af2a034ba40038daa968925f", size = 1793456, upload-time = "2025-02-18T14:45:45.382Z" },
    { url = "https://files.pythonhosted.org/packages/cb/81/14c249d43cd7d623de88163e305760661e53ce1be82336082f5534b87d7d/ephem-4.2-cp312-cp312-musllinux_1_2_s390x.whl", hash = "sha256:bd7f93743ef79a88115d5106620827a108ca2afd83baae71d056f2f90ebb4e94", size = 1810915, upload-time = "2025-02-18T14:45:47.506Z" },
    { url = "https://files.pythonhosted.org/packages/d8/d7/8f84e7e03796abb6d6aeeef092cbdb8266b45d038eced545510f6de91d6b/ephem-4.2-cp312-cp312-musllinux_1_2_x86_64.whl", hash = "sha256:129fda6db42abb6baf4e55e953969ad923995dcaadacfc7d652e5ad6103d7ebe", size = 1779973, upload-time = "2025-02-18T14:45:48.952Z" },
    { url = "https://files.pythonhosted.org/packages/3e/b8/2d9f79fb5c23c28810807035431407b88641979523f80f3c767db16baa5f/ephem-4.2-cp312-cp312-win32.whl", hash = "sha256:323649d8fd4f34036b43a332c8457a9e711c91ac708e3d5238a379a704b53ffb", size = 1399413, upload-time = "2025-02-18T14:45:51.22Z" },
    { url = "https://files.pythonhosted.org/packages/b0/f9/2e0ed78baae25a91c066a04071a2bad5785e7e1a10f4d9a91796f4b6767f/ephem-4.2-cp312-cp312-win_amd64.whl", hash = "sha256:6d3a4b72e8dc3fe36680c3f150f0f98c9df3a97e85df1c37781a0c475c1f667a", size = 1416807, upload-time = "2025-02-18T14:45:54.538Z" },
    { url = "https://files.pythonhosted.org/packages/e5/39/15e87fa6a309909fe86c56372fcd887d104ead4f1267a4eef578ac4d7879/ephem-4.2-cp313-cp313-macosx_10_13_x86_64.whl", hash = "sha256:ea8d23e7d452537fbbe1da12891ccaea5bf890a0ae35007d6c773842ad08ec16", size = 1429158, upload-time = "2025-02-18T14:45:56.211Z" },
    { url = "https://files.pythonhosted.org/packages/f3/4e/57f8332d315159ecb7c00326719a29a04e60c9e62eeb6451250bd5ce9b36/ephem-4.2-cp313-cp313-macosx_11_0_arm64.whl", hash = "sha256:c7dcd7425cc82945b0d6cb31a0897aeae835d5e68082243e210b59036950b61e", size = 1432125, upload-time = "2025-02-18T14:45:57.548Z" },
    { url = "https://files.pythonhosted.org/packages/98/d1/1625108774a8b45efd46756b3e2be8197642f7a207202002facdb19a09f0/ephem-4.2-cp313-cp313-manylinux_2_12_i686.manylinux2010_i686.manylinux_2_17_i686.manylinux2014_i686.whl", hash = "sha256:797fb2a6ecef2866f7a2d57f897dfb9f34bea60462950b94a22935272f4d7e5c", size = 1758896, upload-time = "2025-02-18T14:45:58.842Z" },
    { url = "https://files.pythonhosted.org/packages/87/75/dd00e7b007da65c30eeb155856fc2bc1f75958e3c809fa0cf92be8665570/ephem-4.2-cp313-cp313-manylinux_2_17_aarch64.manylinux2014_aarch64.whl", hash = "sha256:68976d765a78ff3c534e11c8b9f87e83b67cacd461e7074664fb8a0c0b9ab341", size = 1778739, upload-time = "2025-02-18T14:46:00.42Z" },
    { url = "https://files.pythonhosted.org/packages/13/fa/747efd0e3cdb33215e436d75a43ca3055fefb99d48ddd05284c2adbc270a/ephem-4.2-cp313-cp313-manylinux_2_17_s390x.manylinux2014_s390x.whl", hash = "sha256:5c787ef694db5e56151595ec237f960836e672a8770b41f09f9c65c26133291b", size = 1788967, upload-time = "2025-02-18T14:46:01.807Z" },
    { url = "https://files.pythonhosted.org/packages/cf/3a/428b3588a82696486a3a40625341e30ee404cc18b94e2753120e14f32493/ephem-4.2-cp313-cp313-manylinux_2_17_x86_64.manylinux2014_x86_64.whl", hash = "sha256:0fbf26f0c99d7ba100df584cd4899044e582af57bbe313aecfecefd6ab389753", size = 1781222, upload-time = "2025-02-18T14:46:04.497Z" },
    { url = "https://files.pythonhosted.org/packages/2f/41/d28eb0103e1976702333e6ce9dbd3e3ec86d10bcfaa7e8ba324131945d7d/ephem-4.2-cp313-cp313-musllinux_1_2_aarch64.whl", hash = "sha256:4b1c87517be414f67c3b35c6dbd8bd7c28d664e06d857b4a4224511bdb06ad2e", size = 1777379, upload-time = "2025-02-18T14:46:07.018Z" },
    { url = "https://files.pythonhosted.org/packages/61/fe/a5510b8b96bc44a1d6a47fd43a30131fe054df6fa9f81abecf7a9ddb3f23/ephem-4.2-cp313-cp313-musllinux_1_2_i686.whl", hash = "sha256:599df915cd37dae047e4d885885afff23102d33a33f9900ae95c11195cbe83cb", size = 1793525, upload-time = "2025-02-18T14:46:08.433Z" },
    { url = "https://files.pythonhosted.org/packages/28/1e/36585a5b3474a5f1c068d5a4f21537016c225835d7a9c987df125c83d3ec/ephem-4.2-cp313-cp313-musllinux_1_2_s390x.whl", hash = "sha256:38a74e63cfb6fcee6b23ad183c6d02da0c0113ae7ad4f433422a15e401c3aa92", size = 1810985, upload-time = "2025-02-18T14:46:09.853Z" },
    { url = "https://files.pythonhosted.org/packages/ff/4a/f0735480dad37a82c19e2d3f74f6511ebda30fc5e68f2e019381ae78e1c2/ephem-4.2-cp313-cp313-musllinux_1_2_x86_64.whl", hash = "sha256:e9083fe4144478a43fbba07169957b6eb3797fd97955145dd614eaa0a934ad79", size = 1780078, upload-time = "2025-02-18T14:46:11.305Z" },
    { url = "https://files.pythonhosted.org/packages/e1/7b/eaa550cfda799265edf5517ee7c450f770c4ee8645d52113a0511eec3d31/ephem-4.2-cp313-cp313-win32.whl", hash = "sha256:94cad00341ed5367144f3dfec98b6a33f285b5eb5c35971f697f8cac14f12a00", size = 1399409, upload-time = "2025-02-18T14:46:12.76Z" },
    { url = "https://files.pythonhosted.org/packages/06/25/026e15571373559ed4c8755bd88506a783f4204df3fbdead1748150f0a37/ephem-4.2-cp313-cp313-win_amd64.whl", hash = "sha256:9f72002f2f6dd8ad838fcbe7b4e9bdf8daadfe3e7093383336a234da458c77a5", size = 1416813, upload-time = "2025-02-18T14:46:14.2Z" },
]

[[package]]
name = "moon-phase-status"
version = "0.1.0"
source = { virtual = "." }
dependencies = [
    { name = "pylunar" },
    { name = "python-crontab" },
    { name = "python-dotenv" },
    { name = "telethon" },
]

[package.metadata]
requires-dist = [
    { name = "pylunar", specifier = ">=0.10.0" },
    { name = "python-crontab", specifier = ">=3.2.0" },
    { name = "python-dotenv", specifier = ">=1.1.0" },
    { name = "telethon", specifier = ">=1.40.0" },
]

[[package]]
name = "pyaes"
version = "1.6.1"
source = { registry = "https://pypi.org/simple" }
sdist = { url = "https://files.pythonhosted.org/packages/44/66/2c17bae31c906613795711fc78045c285048168919ace2220daa372c7d72/pyaes-1.6.1.tar.gz", hash = "sha256:02c1b1405c38d3c370b085fb952dd8bea3fadcee6411ad99f312cc129c536d8f", size = 28536, upload-time = "2017-09-20T21:17:54.23Z" }

[[package]]
name = "pyasn1"
version = "0.6.1"
source = { registry = "https://pypi.org/simple" }
sdist = { url = "https://files.pythonhosted.org/packages/ba/e9/01f1a64245b89f039897cb0130016d79f77d52669aae6ee7b159a6c4c018/pyasn1-0.6.1.tar.gz", hash = "sha256:6f580d2bdd84365380830acf45550f2511469f673cb4a5ae3857a3170128b034", size = 145322, upload-time = "2024-09-10T22:41:42.55Z" }
wheels = [
    { url = "https://files.pythonhosted.org/packages/c8/f1/d6a797abb14f6283c0ddff96bbdd46937f64122b8c925cab503dd37f8214/pyasn1-0.6.1-py3-none-any.whl", hash = "sha256:0d632f46f2ba09143da3a8afe9e33fb6f92fa2320ab7e886e2d0f7672af84629", size = 83135, upload-time = "2024-09-11T16:00:36.122Z" },
]

[[package]]
name = "pylunar"
version = "0.10.0"
source = { registry = "https://pypi.org/simple" }
dependencies = [
    { name = "ephem" },
]
sdist = { url = "https://files.pythonhosted.org/packages/8c/ca/72e9dfa16c928434dfe9aeadab92d8b886000c6b2ebf3522043e3a4cb2cf/pylunar-0.10.0.tar.gz", hash = "sha256:2b791015009d1b538a136a36844d603237e41b8006153d88d7747c23300d9fb4", size = 37860, upload-time = "2025-04-20T19:06:34.353Z" }
wheels = [
    { url = "https://files.pythonhosted.org/packages/c5/d2/188ebdac9a1500f89104b93d9c0a74be90527855a9b7da72f9dbe6e5d784/pylunar-0.10.0-py3-none-any.whl", hash = "sha256:8b369337a0c3acce7aeb7cbbb6d5a04ae7b3862f66c22fc88fe51556a2cbb706", size = 24892, upload-time = "2025-04-20T19:06:33.243Z" },
]

[[package]]
name = "python-crontab"
version = "3.2.0"
source = { registry = "https://pypi.org/simple" }
dependencies = [
    { name = "python-dateutil" },
]
sdist = { url = "https://files.pythonhosted.org/packages/e2/f0/25775565c133d4e29eeb607bf9ddba0075f3af36041a1844dd207881047f/python_crontab-3.2.0.tar.gz", hash = "sha256:40067d1dd39ade3460b2ad8557c7651514cd3851deffff61c5c60e1227c5c36b", size = 57001, upload-time = "2024-07-01T22:29:10.903Z" }
wheels = [
    { url = "https://files.pythonhosted.org/packages/3b/91/832fb3b3a1f62bd2ab4924f6be0c7736c9bc4f84d3b153b74efcf6d4e4a1/python_crontab-3.2.0-py3-none-any.whl", hash = "sha256:82cb9b6a312d41ff66fd3caf3eed7115c28c195bfb50711bc2b4b9592feb9fe5", size = 27351, upload-time = "2024-07-01T22:29:08.549Z" },
]

[[package]]
name = "python-dateutil"
version = "2.9.0.post0"
source = { registry = "https://pypi.org/simple" }
dependencies = [
    { name = "six" },
]
sdist = { url = "https://files.pythonhosted.org/packages/66/c0/0c8b6ad9f17a802ee498c46e004a0eb49bc148f2fd230864601a86dcf6db/python-dateutil-2.9.0.post0.tar.gz", hash = "sha256:37dd54208da7e1cd875388217d5e00ebd4179249f90fb72437e91a35459a0ad3", size = 342432, upload-time = "2024-03-01T18:36:20.211Z" }
wheels = [
    { url = "https://files.pythonhosted.org/packages/ec/57/56b9bcc3c9c6a792fcbaf139543cee77261f3651ca9da0c93f5c1221264b/python_dateutil-2.9.0.post0-py2.py3-none-any.whl", hash = "sha256:a8b2bc7bffae282281c8140a97d3aa9c14da0b136dfe83f850eea9a5f7470427", size = 229892, upload-time = "2024-03-01T18:36:18.57Z" },
]

[[package]]
name = "python-dotenv"
version = "1.1.1"
source = { registry = "https://pypi.org/simple" }
sdist = { url = "https://files.pythonhosted.org/packages/f6/b0/4bc07ccd3572a2f9df7e6782f52b0c6c90dcbb803ac4a167702d7d0dfe1e/python_dotenv-1.1.1.tar.gz", hash = "sha256:a8a6399716257f45be6a007360200409fce5cda2661e3dec71d23dc15f6189ab", size = 41978, upload-time = "2025-06-24T04:21:07.341Z" }
wheels = [
    { url = "https://files.pythonhosted.org/packages/5f/ed/539768cf28c661b5b068d66d96a2f155c4971a5d55684a514c1a0e0dec2f/python_dotenv-1.1.1-py3-none-any.whl", hash = "sha256:31f23644fe2602f88ff55e1f5c79ba497e01224ee7737937930c448e4d0e24dc", size = 20556, upload-time = "2025-06-24T04:21:06.073Z" },
]

[[package]]
name = "rsa"
version = "4.9.1"
source = { registry = "https://pypi.org/simple" }
dependencies = [
    { name = "pyasn1" },
]
sdist = { url = "https://files.pythonhosted.org/packages/da/8a/22b7beea3ee0d44b1916c0c1cb0ee3af23b700b6da9f04991899d0c555d4/rsa-4.9.1.tar.gz", hash = "sha256:e7bdbfdb5497da4c07dfd35530e1a902659db6ff241e39d9953cad06ebd0ae75", size = 29034, upload-time = "2025-04-16T09:51:18.218Z" }
wheels = [
    { url = "https://files.pythonhosted.org/packages/64/8d/0133e4eb4beed9e425d9a98ed6e081a55d195481b7632472be1af08d2f6b/rsa-4.9.1-py3-none-any.whl", hash = "sha256:68635866661c6836b8d39430f97a996acbd61bfa49406748ea243539fe239762", size = 34696, upload-time = "2025-04-16T09:51:17.142Z" },
]

[[package]]
name = "six"
version = "1.17.0"
source = { registry = "https://pypi.org/simple" }
sdist = { url = "https://files.pythonhosted.org/packages/94/e7/b2c673351809dca68a0e064b6af791aa332cf192da575fd474ed7d6f16a2/six-1.17.0.tar.gz", hash = "sha256:ff70335d468e7eb6ec65b95b99d3a2836546063f63acc5171de367e834932a81", size = 34031, upload-time = "2024-12-04T17:35:28.174Z" }
wheels = [
    { url = "https://files.pythonhosted.org/packages/b7/ce/149a00dd41f10bc29e5921b496af8b574d8413afcd5e30dfa0ed46c2cc5e/six-1.17.0-py2.py3-none-any.whl", hash = "sha256:4721f391ed90541fddacab5acf947aa0d3dc7d27b2e1e8eda2be8970586c3274", size = 11050, upload-time = "2024-12-04T17:35:26.475Z" },
]

[[package]]
name = "telethon"
version = "1.40.0"
source = { registry = "https://pypi.org/simple" }
dependencies = [
    { name = "pyaes" },
    { name = "rsa" },
]
sdist = { url = "https://files.pythonhosted.org/packages/58/af/9b7111e3f63fffe8e55b7ceb8bda023173e2052f420b6debcb25fd2fbc15/telethon-1.40.0.tar.gz", hash = "sha256:40e83326877a2e68b754d4b6d0d1ca5ac924110045b039e02660f2d67add97db", size = 646723, upload-time = "2025-04-21T09:12:10.506Z" }
wheels = [
    { url = "https://files.pythonhosted.org/packages/2c/5a/c5370edb3215d19a6e858f4169b8eec725ba55f9d39df0f557508048c037/Telethon-1.40.0-py3-none-any.whl", hash = "sha256:146fd4cb2a7afa66bc67f9c2167756096a37b930f65711a3e7399ec9874dcfa7", size = 722013, upload-time = "2025-04-21T09:12:08.399Z" },
]
