version = 1
requires-python = ">=3.11"

[[package]]
name = "ephem"
version = "4.1.6"
source = { registry = "https://pypi.org/simple" }
sdist = { url = "https://files.pythonhosted.org/packages/45/eb/844403865b5c861736c85196112a791c74283f27bf4496de2381eb57c085/ephem-4.1.6.tar.gz", hash = "sha256:0ed2e4ea76f9db3eede2204adab8af3f1708201c7c04ee8511e710a54ca6425f", size = 1255942 }
wheels = [
    { url = "https://files.pythonhosted.org/packages/ed/0d/3285160af53c88963892183d79b78a3a022d048aa123a3f76fc9417ed44f/ephem-4.1.6-cp311-cp311-macosx_10_9_x86_64.whl", hash = "sha256:217d510cf95f1b5f70e95ed379ba12b56321689a7a8802b42f2cdb4b90f8e52b", size = 1427620 },
    { url = "https://files.pythonhosted.org/packages/a4/32/b5fff1f11c9c2a5e1121553740db2dd4cdc11160dcd14780459e2748f9ae/ephem-4.1.6-cp311-cp311-macosx_11_0_arm64.whl", hash = "sha256:224c67fc5d53a217f7af5b8ded1a91f22d83e4d26f8986553d2cafbe0608e9d8", size = 1429902 },
    { url = "https://files.pythonhosted.org/packages/f4/89/3f73917d14b65889e1b7d7f1226cde1dc9bcd42dea2d2ded5d5f3e4a7ce3/ephem-4.1.6-cp311-cp311-manylinux_2_12_i686.manylinux2010_i686.manylinux_2_17_i686.manylinux2014_i686.whl", hash = "sha256:e02af942f9b93f5be1d8943d65e8ded26871e4a294281c54c84f89e04ff77277", size = 1753823 },
    { url = "https://files.pythonhosted.org/packages/2e/6f/1326ebbc02d0f2b4ee39dafe4a922bae8d1e398f038e3dc60b6fe4b8d2c6/ephem-4.1.6-cp311-cp311-manylinux_2_17_aarch64.manylinux2014_aarch64.whl", hash = "sha256:fb42efcd08c721ecf338b39e6a1ee8734575928bb570e5ad24b5da00b293751a", size = 1773694 },
    { url = "https://files.pythonhosted.org/packages/5a/33/b5950338fe1d9b16fcea6771f0ca7dbcb4a73b009aef4835b44e98890354/ephem-4.1.6-cp311-cp311-manylinux_2_17_s390x.manylinux2014_s390x.whl", hash = "sha256:01f6ae74ce6b4d4abe2c632e6925ccb0a718e8285707f70493d4ac2c14bbb755", size = 1783833 },
    { url = "https://files.pythonhosted.org/packages/b3/83/848f6cc2dc8ae4d970129fc0bab4a71a336e67cd1785aacac3b131377fd8/ephem-4.1.6-cp311-cp311-manylinux_2_17_x86_64.manylinux2014_x86_64.whl", hash = "sha256:97be1fbf6161d45f003cfd1260fc8185feedcb6f54fe01abb0ae2b625e4f0d92", size = 1775300 },
    { url = "https://files.pythonhosted.org/packages/2d/3e/c42d18048ed7581ca361c231d77ea5c81e350d3bd5b2abf2fa1ac887912c/ephem-4.1.6-cp311-cp311-musllinux_1_2_aarch64.whl", hash = "sha256:19f78dba9ef13c6f8973efdf111fea2cfc92ef8af3e56a17be63f9752d2d2480", size = 1772695 },
    { url = "https://files.pythonhosted.org/packages/cb/4b/4addee0acc2c66410deabbec32ecbf1509245ac015d4bf4ee803c3d84006/ephem-4.1.6-cp311-cp311-musllinux_1_2_i686.whl", hash = "sha256:87ffdb3e4a2aea6c33d60b9d3fa2bdb985494a788fc45eb10fb376cace6f5fa5", size = 1789373 },
    { url = "https://files.pythonhosted.org/packages/ed/d8/708284cb1909066a84e7dfb0c3f34b46039f5eef5f2715a98f583b6b27df/ephem-4.1.6-cp311-cp311-musllinux_1_2_s390x.whl", hash = "sha256:70cc4c09658a97447cdab070144a661c60e98794fef16e0bb9e7c4a072d260c0", size = 1806060 },
    { url = "https://files.pythonhosted.org/packages/18/cb/1706836640c31ab83e72c26e6c20aca28d4947ae213404f7946e2bb04948/ephem-4.1.6-cp311-cp311-musllinux_1_2_x86_64.whl", hash = "sha256:6ffa438a5fae5cf346aaee46d20e44a442e004952591d06a06a3104504954a7b", size = 1774936 },
    { url = "https://files.pythonhosted.org/packages/74/6b/3f02556a3132464659311c3c3ed23f63b810934ba94af19a4a57eb16436e/ephem-4.1.6-cp311-cp311-win32.whl", hash = "sha256:84d416962d78f5d0b5f18fc5155bf0d7a012f5e9e47b62469000ab4c062de6ca", size = 1397245 },
    { url = "https://files.pythonhosted.org/packages/d1/62/1fb52617c70751b6594d58b20c4f9857856df29f8a9155997f505ceaa5d7/ephem-4.1.6-cp311-cp311-win_amd64.whl", hash = "sha256:1f87cb92288d8ec3e83c1ffae2ca0473a84ab696f5bf518d75622be0394e245d", size = 1414358 },
    { url = "https://files.pythonhosted.org/packages/23/84/c6bea4f2eb036096abae741a765e754a4a546230b47b12334102c1b32545/ephem-4.1.6-cp312-cp312-macosx_10_13_x86_64.whl", hash = "sha256:320e825021e589b2a53bac03f057d1344814dc9cc5249bfeacfd8fe322f17032", size = 1427150 },
    { url = "https://files.pythonhosted.org/packages/2c/ae/2d360651d7d760965c5a3100db92175d631c937cbe5a20b608ce59b7c823/ephem-4.1.6-cp312-cp312-macosx_11_0_arm64.whl", hash = "sha256:78778ba7ca5a28e3532943eab4584986bc053878e5976e50394e6cb5490e3b3f", size = 1430120 },
    { url = "https://files.pythonhosted.org/packages/f6/ff/6403cf9482ba7014c098d6caddb5a3562d324ec0514028d1ed7d919aad8d/ephem-4.1.6-cp312-cp312-manylinux_2_12_i686.manylinux2010_i686.manylinux_2_17_i686.manylinux2014_i686.whl", hash = "sha256:bb6b45ae88ddb82219bc06a40b4db8584ab78306ebf239918dde1aa4b97f913c", size = 1756710 },
    { url = "https://files.pythonhosted.org/packages/b0/41/86ac454aba4a388f76ab8c2f1ef2f8b1836c125518ce3ee1113c76734afa/ephem-4.1.6-cp312-cp312-manylinux_2_17_aarch64.manylinux2014_aarch64.whl", hash = "sha256:179f59cbc37c27b35cbea4833d4993b00080ca10753c5b2dca2e838826f854a2", size = 1776443 },
    { url = "https://files.pythonhosted.org/packages/ab/d8/fb7ac8fa411b633c4f6f78298d6c17d82818ea95ba139e0072295e4c7852/ephem-4.1.6-cp312-cp312-manylinux_2_17_s390x.manylinux2014_s390x.whl", hash = "sha256:4c65dcd6b44572e4f20b02055f69a95b6c591c559dc6a70fca5215fd8ab290f1", size = 1786778 },
    { url = "https://files.pythonhosted.org/packages/82/90/debe73033000eb36d3e8f4f5929c7af4c67c1b0ff1491c1fc4454bee4090/ephem-4.1.6-cp312-cp312-manylinux_2_17_x86_64.manylinux2014_x86_64.whl", hash = "sha256:10b9688bf56b65fd416ebd95a90c63c8d2412b64495e75139a85e6c216cc5a90", size = 1778925 },
    { url = "https://files.pythonhosted.org/packages/97/69/4159a7a25a8f76a63602d0c36ee2feae5d939bb93e4a6cc5c7e814ee5439/ephem-4.1.6-cp312-cp312-musllinux_1_2_aarch64.whl", hash = "sha256:440e45209fb26315fa6d8b179dae1968dd446de4e8a8612ad88111694cd8df1b", size = 1775214 },
    { url = "https://files.pythonhosted.org/packages/b3/2e/7cbbcf813f9e19f15914ae5a32fe154034781670e1467efff7cf6958d995/ephem-4.1.6-cp312-cp312-musllinux_1_2_i686.whl", hash = "sha256:126d6c407793830552c7dcf62f6dccc0c3ef701c4505970a8ab01ecfd70b1a1a", size = 1791325 },
    { url = "https://files.pythonhosted.org/packages/80/40/e8da539b0684a7ee659004c8fe9b3b15e0691c6d0d51c6429e044c4abada/ephem-4.1.6-cp312-cp312-musllinux_1_2_s390x.whl", hash = "sha256:bc137b3e9060a77b03e8a4b5ad3d40406599bdddcd7dfb2cd9325971d38b7864", size = 1808804 },
    { url = "https://files.pythonhosted.org/packages/05/f6/7f8475a245a87735a54dcae042bc7438a69dbf48f1674c3bbf5cada27773/ephem-4.1.6-cp312-cp312-musllinux_1_2_x86_64.whl", hash = "sha256:25203e20b773ae804333e347da3c286291c6fc95a723a44c1af149cb64938128", size = 1777775 },
    { url = "https://files.pythonhosted.org/packages/5f/8c/a064e58e5eb4d0aae34348011193c025852368a79d8287465d0294ddf622/ephem-4.1.6-cp312-cp312-win32.whl", hash = "sha256:1c845b804ce65f875097a543c2b74f8889e5b5414df01f18ba77c085d524d4c6", size = 1397365 },
    { url = "https://files.pythonhosted.org/packages/a0/55/5ee037531beac1065e1d774a528b51404457d328d7ec7a3de5db7fe11efa/ephem-4.1.6-cp312-cp312-win_amd64.whl", hash = "sha256:0c0675849f2bc9fca88193c58b376180e9fb7b1d8f2bb764231cbf1ecd40b6b3", size = 1414651 },
    { url = "https://files.pythonhosted.org/packages/e5/a4/b844d492cb816250f3ecc9d219a6f83c14117a37021ad2fef129f5e54f6e/ephem-4.1.6-cp313-cp313-macosx_10_13_x86_64.whl", hash = "sha256:6b17cc3a5af526c199b497cc7b9942246591b83da4247d83be6bf0baa90123e5", size = 1427130 },
    { url = "https://files.pythonhosted.org/packages/b9/90/4770242f4cfc7efbcf227820f73cafd048a3b6229277e5d4d2f5e9bf8bf3/ephem-4.1.6-cp313-cp313-macosx_11_0_arm64.whl", hash = "sha256:513c2b2cc04d53563c6c1b0a86ee9f92d2e5e20a0dd72323f3b4183ae4f9d63c", size = 1430093 },
    { url = "https://files.pythonhosted.org/packages/47/fa/779ccc666abb452892fa2bea4f95b131ea8df3516006d167dd812d97b86c/ephem-4.1.6-cp313-cp313-manylinux_2_12_i686.manylinux2010_i686.manylinux_2_17_i686.manylinux2014_i686.whl", hash = "sha256:1348bfd7703084c75a932c10c66e3194b84cf7f31fe6e2afede1367877b601b7", size = 1756657 },
    { url = "https://files.pythonhosted.org/packages/ab/16/19cf5cec3a8d6bb1d26352945e5a6f3901eb2a0cf12e911bb3ffb17f6110/ephem-4.1.6-cp313-cp313-manylinux_2_17_aarch64.manylinux2014_aarch64.whl", hash = "sha256:9bf720a1fd563f476525c714ac4091b6788ad415ffb4727b77d1fbb6b28a831e", size = 1776401 },
    { url = "https://files.pythonhosted.org/packages/22/6e/ed581da1d62749cbcd08170cb20adb3dee8740c89eb9f0a74ef24630b5c1/ephem-4.1.6-cp313-cp313-manylinux_2_17_s390x.manylinux2014_s390x.whl", hash = "sha256:4456d08414729fa8461c6772f5e9ca9b577df86f47dacdaf5fda4f9eab0efd56", size = 1786762 },
    { url = "https://files.pythonhosted.org/packages/fe/fc/201e13b9499f154590d899f159ff2fef77ed086af0abc23f984f085a3b61/ephem-4.1.6-cp313-cp313-manylinux_2_17_x86_64.manylinux2014_x86_64.whl", hash = "sha256:f87348581588488461af29fe645d36257cf9235838f5a5211cb668215b95b2db", size = 1778888 },
    { url = "https://files.pythonhosted.org/packages/98/7e/efd10837ef8baa45c13ec8f52ef5e12a1757b5056090554874e0b030296e/ephem-4.1.6-cp313-cp313-musllinux_1_2_aarch64.whl", hash = "sha256:b8c807a54814cd3c8d3e00304afdc99d290f754f53c708a656b92490d870bfd4", size = 1775212 },
    { url = "https://files.pythonhosted.org/packages/e4/f5/afdaab78341b0017f67e6dccfe718ccb39c04570da7b78c976ca2bc7af55/ephem-4.1.6-cp313-cp313-musllinux_1_2_i686.whl", hash = "sha256:abccd1a7a8ccfea94746a150f5b9f4dd50aa9db0a24ae4e875ecee2215001290", size = 1791307 },
    { url = "https://files.pythonhosted.org/packages/e7/54/66c4763fcdd2f361f63871253fca0c12577b58a6784bdbcfc0ab33fc779d/ephem-4.1.6-cp313-cp313-musllinux_1_2_s390x.whl", hash = "sha256:84c86bc1a171ddc9bd886fe3f5030638bffe1c808b89e0c7a6aec9aae335a69e", size = 1808813 },
    { url = "https://files.pythonhosted.org/packages/48/c3/702412700856be8ef0759bf1f9c99a9094372e9049dcc1354c11965c9d8f/ephem-4.1.6-cp313-cp313-musllinux_1_2_x86_64.whl", hash = "sha256:9b5552e33b5f63886c74c2731ab15b5f514db1978d80872d7f3230d1903416f0", size = 1777820 },
    { url = "https://files.pythonhosted.org/packages/36/a1/b52c5450afb5ba930ef82d180e77bfea61f45934fcb39e718ad66ef40cfb/ephem-4.1.6-cp313-cp313-win32.whl", hash = "sha256:636b455486de2262bbd786c53e810db775ab1ebf1ad78f3aae436429a52d1044", size = 1397378 },
    { url = "https://files.pythonhosted.org/packages/7c/ca/7f629cd67b25d59902e2a6f9ffa3f02b9be306da82ccc05f2d13b3838699/ephem-4.1.6-cp313-cp313-win_amd64.whl", hash = "sha256:2f96d0ae098d300ebbd0cb7c49fc92bc4629c80c08a3fe5c19cb55cafb89eff4", size = 1414650 },
]

[[package]]
name = "moon-phase-status"
version = "0.1.0"
source = { virtual = "." }
dependencies = [
    { name = "pylunar" },
    { name = "python-crontab" },
    { name = "python-dotenv" },
    { name = "telethon" },
]

[package.metadata]
requires-dist = [
    { name = "pylunar", specifier = ">=0.9.0" },
    { name = "python-crontab", specifier = ">=3.2.0" },
    { name = "python-dotenv", specifier = ">=1.0.1" },
    { name = "telethon", specifier = ">=1.38.1" },
]

[[package]]
name = "pyaes"
version = "1.6.1"
source = { registry = "https://pypi.org/simple" }
sdist = { url = "https://files.pythonhosted.org/packages/44/66/2c17bae31c906613795711fc78045c285048168919ace2220daa372c7d72/pyaes-1.6.1.tar.gz", hash = "sha256:02c1b1405c38d3c370b085fb952dd8bea3fadcee6411ad99f312cc129c536d8f", size = 28536 }

[[package]]
name = "pyasn1"
version = "0.6.1"
source = { registry = "https://pypi.org/simple" }
sdist = { url = "https://files.pythonhosted.org/packages/ba/e9/01f1a64245b89f039897cb0130016d79f77d52669aae6ee7b159a6c4c018/pyasn1-0.6.1.tar.gz", hash = "sha256:6f580d2bdd84365380830acf45550f2511469f673cb4a5ae3857a3170128b034", size = 145322 }
wheels = [
    { url = "https://files.pythonhosted.org/packages/c8/f1/d6a797abb14f6283c0ddff96bbdd46937f64122b8c925cab503dd37f8214/pyasn1-0.6.1-py3-none-any.whl", hash = "sha256:0d632f46f2ba09143da3a8afe9e33fb6f92fa2320ab7e886e2d0f7672af84629", size = 83135 },
]

[[package]]
name = "pylunar"
version = "0.9.0"
source = { registry = "https://pypi.org/simple" }
dependencies = [
    { name = "ephem" },
    { name = "pytz" },
]
sdist = { url = "https://files.pythonhosted.org/packages/05/53/acbee4250b5f21ba53293da96f332b60a261e039025a7aed238e7daeb8d5/pylunar-0.9.0.tar.gz", hash = "sha256:3e92fb2a52a5690b64f3f4a5ce4fa0098ec5699a7b9cedf3891402c8ea53b77f", size = 37532 }
wheels = [
    { url = "https://files.pythonhosted.org/packages/64/1e/6c959ebb4c8e77ab4286e4136edecbbde06e5a7412ccc5dd4c83abebc472/pylunar-0.9.0-py3-none-any.whl", hash = "sha256:77ecc8a3a2b1cca733715a99bc33d06f19f4286ce516742ae0dfcd782fed4ef4", size = 24643 },
]

[[package]]
name = "python-crontab"
version = "3.2.0"
source = { registry = "https://pypi.org/simple" }
dependencies = [
    { name = "python-dateutil" },
]
sdist = { url = "https://files.pythonhosted.org/packages/e2/f0/25775565c133d4e29eeb607bf9ddba0075f3af36041a1844dd207881047f/python_crontab-3.2.0.tar.gz", hash = "sha256:40067d1dd39ade3460b2ad8557c7651514cd3851deffff61c5c60e1227c5c36b", size = 57001 }
wheels = [
    { url = "https://files.pythonhosted.org/packages/3b/91/832fb3b3a1f62bd2ab4924f6be0c7736c9bc4f84d3b153b74efcf6d4e4a1/python_crontab-3.2.0-py3-none-any.whl", hash = "sha256:82cb9b6a312d41ff66fd3caf3eed7115c28c195bfb50711bc2b4b9592feb9fe5", size = 27351 },
]

[[package]]
name = "python-dateutil"
version = "2.9.0.post0"
source = { registry = "https://pypi.org/simple" }
dependencies = [
    { name = "six" },
]
sdist = { url = "https://files.pythonhosted.org/packages/66/c0/0c8b6ad9f17a802ee498c46e004a0eb49bc148f2fd230864601a86dcf6db/python-dateutil-2.9.0.post0.tar.gz", hash = "sha256:37dd54208da7e1cd875388217d5e00ebd4179249f90fb72437e91a35459a0ad3", size = 342432 }
wheels = [
    { url = "https://files.pythonhosted.org/packages/ec/57/56b9bcc3c9c6a792fcbaf139543cee77261f3651ca9da0c93f5c1221264b/python_dateutil-2.9.0.post0-py2.py3-none-any.whl", hash = "sha256:a8b2bc7bffae282281c8140a97d3aa9c14da0b136dfe83f850eea9a5f7470427", size = 229892 },
]

[[package]]
name = "python-dotenv"
version = "1.0.1"
source = { registry = "https://pypi.org/simple" }
sdist = { url = "https://files.pythonhosted.org/packages/bc/57/e84d88dfe0aec03b7a2d4327012c1627ab5f03652216c63d49846d7a6c58/python-dotenv-1.0.1.tar.gz", hash = "sha256:e324ee90a023d808f1959c46bcbc04446a10ced277783dc6ee09987c37ec10ca", size = 39115 }
wheels = [
    { url = "https://files.pythonhosted.org/packages/6a/3e/b68c118422ec867fa7ab88444e1274aa40681c606d59ac27de5a5588f082/python_dotenv-1.0.1-py3-none-any.whl", hash = "sha256:f7b63ef50f1b690dddf550d03497b66d609393b40b564ed0d674909a68ebf16a", size = 19863 },
]

[[package]]
name = "pytz"
version = "2024.2"
source = { registry = "https://pypi.org/simple" }
sdist = { url = "https://files.pythonhosted.org/packages/3a/31/3c70bf7603cc2dca0f19bdc53b4537a797747a58875b552c8c413d963a3f/pytz-2024.2.tar.gz", hash = "sha256:2aa355083c50a0f93fa581709deac0c9ad65cca8a9e9beac660adcbd493c798a", size = 319692 }
wheels = [
    { url = "https://files.pythonhosted.org/packages/11/c3/005fcca25ce078d2cc29fd559379817424e94885510568bc1bc53d7d5846/pytz-2024.2-py2.py3-none-any.whl", hash = "sha256:31c7c1817eb7fae7ca4b8c7ee50c72f93aa2dd863de768e1ef4245d426aa0725", size = 508002 },
]

[[package]]
name = "rsa"
version = "4.9"
source = { registry = "https://pypi.org/simple" }
dependencies = [
    { name = "pyasn1" },
]
sdist = { url = "https://files.pythonhosted.org/packages/aa/65/7d973b89c4d2351d7fb232c2e452547ddfa243e93131e7cfa766da627b52/rsa-4.9.tar.gz", hash = "sha256:e38464a49c6c85d7f1351b0126661487a7e0a14a50f1675ec50eb34d4f20ef21", size = 29711 }
wheels = [
    { url = "https://files.pythonhosted.org/packages/49/97/fa78e3d2f65c02c8e1268b9aba606569fe97f6c8f7c2d74394553347c145/rsa-4.9-py3-none-any.whl", hash = "sha256:90260d9058e514786967344d0ef75fa8727eed8a7d2e43ce9f4bcf1b536174f7", size = 34315 },
]

[[package]]
name = "six"
version = "1.17.0"
source = { registry = "https://pypi.org/simple" }
sdist = { url = "https://files.pythonhosted.org/packages/94/e7/b2c673351809dca68a0e064b6af791aa332cf192da575fd474ed7d6f16a2/six-1.17.0.tar.gz", hash = "sha256:ff70335d468e7eb6ec65b95b99d3a2836546063f63acc5171de367e834932a81", size = 34031 }
wheels = [
    { url = "https://files.pythonhosted.org/packages/b7/ce/149a00dd41f10bc29e5921b496af8b574d8413afcd5e30dfa0ed46c2cc5e/six-1.17.0-py2.py3-none-any.whl", hash = "sha256:4721f391ed90541fddacab5acf947aa0d3dc7d27b2e1e8eda2be8970586c3274", size = 11050 },
]

[[package]]
name = "telethon"
version = "1.38.1"
source = { registry = "https://pypi.org/simple" }
dependencies = [
    { name = "pyaes" },
    { name = "rsa" },
]
sdist = { url = "https://files.pythonhosted.org/packages/5d/91/e76edf7747af0b8c2e79e626f7bce8f90f7e8d3a06bd0c25e8885cc79f23/Telethon-1.38.1.tar.gz", hash = "sha256:f9866c1e37197a0894e0c02aa56a6359bffb14a585e88e18e3e819df4fda399a", size = 627615 }
wheels = [
    { url = "https://files.pythonhosted.org/packages/fa/13/01745f9c0dd1dea51028959dc881ceb960b950dae9093d84c3f2ec891527/Telethon-1.38.1-py3-none-any.whl", hash = "sha256:30c187017501bfb982b8af5659f864dda4108f77ea49cfce61e8f6fdb8a18d6e", size = 702175 },
]
